
Microsoft Visual Studio Solution File, Format Version 12.00
# Visual Studio Version 16
VisualStudioVersion = 16.0.31112.23
MinimumVisualStudioVersion = 10.0.40219.1
Project("{FAE04EC0-301F-11D3-BF4B-00C04F79EFBC}") = "LR 3", "LR 3\LR 3.csproj", "{586C85FD-64D1-4E4A-9747-983ECD087BB9}"
EndProject
Global
	GlobalSection(SolutionConfigurationPlatforms) = preSolution
		Debug|Any CPU = Debug|Any CPU
		Release|Any CPU = Release|Any CPU
	EndGlobalSection
	GlobalSection(ProjectConfigurationPlatforms) = postSolution
		{586C85FD-64D1-4E4A-9747-983ECD087BB9}.Debug|Any CPU.ActiveCfg = Debug|Any CPU
		{586C85FD-64D1-4E4A-9747-983ECD087BB9}.Debug|Any CPU.Build.0 = Debug|Any CPU
		{586C85FD-64D1-4E4A-9747-983ECD087BB9}.Release|Any CPU.ActiveCfg = Release|Any CPU
		{586C85FD-64D1-4E4A-9747-983ECD087BB9}.Release|Any CPU.Build.0 = Release|Any CPU
	EndGlobalSection
	GlobalSection(SolutionProperties) = preSolution
		HideSolutionNode = FALSE
	EndGlobalSection
	GlobalSection(ExtensibilityGlobals) = postSolution
		SolutionGuid = {300637C9-151C-4CC3-84EE-925A4F6CEC6E}
	EndGlobalSection
EndGlobal
